<?xml version="1.0" encoding="utf-8"?>
<Project ToolsVersion="4.0" xmlns="http://schemas.microsoft.com/developer/msbuild/2003">
  <ItemGroup>
    <Filter Include="Lux">
      <UniqueIdentifier>{BE05880B-2A0F-887C-B38A-9E7C1F93937C}</UniqueIdentifier>
    </Filter>
  </ItemGroup>
  <ItemGroup>
    <ClInclude Include="Source\Lux.h" />
    <ClInclude Include="Source\Lux\Application.h">
      <Filter>Lux</Filter>
    </ClInclude>
    <ClInclude Include="Source\Lux\Core.h">
      <Filter>Lux</Filter>
    </ClInclude>
    <ClInclude Include="Source\Lux\EntryPoint.h">
      <Filter>Lux</Filter>
    </ClInclude>
    <ClInclude Include="Source\Lux\Log.h">
      <Filter>Lux</Filter>
    </ClInclude>
  </ItemGroup>
  <ItemGroup>
    <ClCompile Include="Source\Lux\Application.cpp">
      <Filter>Lux</Filter>
    </ClCompile>
    <ClCompile Include="Source\Lux\Log.cpp">
      <Filter>Lux</Filter>
    </ClCompile>
  </ItemGroup>
</Project>